{
  "requires": true,
  "lockfileVersion": 1,
  "dependencies": {
    "lf-npm": {
      "version": "1.0.0",
      "resolved": "https://registry.npmjs.org/lf-npm/-/lf-npm-1.0.0.tgz",
      "integrity": "sha512-J+DE63L2FaQoEweqVfRupiMUpeGCPN+gL+wD2SxBOQfPo0R8erZaQWn8d3PcG0pgCOX12kPAlCf00x7QrVzNTg=="
    },
    "satans": {
      "version": "1.0.0",
      "resolved": "https://registry.npmjs.org/satans/-/satans-1.0.0.tgz",
      "integrity": "sha512-qdJBkXLIs15m5b7WhB7KWxzdPjWs/oZ/vd76WlIlykpb8m9abX2qOUxeHfNVHfpfakMs8gdYxIkWwS+ioXU8yA=="
    }
  }
}
